{
  "version": 4,
  "terraform_version": "1.0.0",
  "serial": 11,
  "lineage": "d99db50b-830f-6e93-ca1f-3b415f804cd2",
  "outputs": {},
  "resources": [
    {
      "module": "module.gke",
      "mode": "managed",
      "type": "google_container_cluster",
      "name": "online_boutique",
      "provider": "provider[\"registry.terraform.io/hashicorp/google\"]",
      "instances": [
        {
          "schema_version": 1,
          "attributes": {
            "addons_config": [
              {
                "cloudrun_config": [],
                "horizontal_pod_autoscaling": [
                  {
                    "disabled": false
                  }
                ],
                "http_load_balancing": [
                  {
                    "disabled": false
                  }
                ],
                "network_policy_config": [
                  {
                    "disabled": true
                  }
                ]
              }
            ],
            "authenticator_groups_config": [],
            "cluster_autoscaling": [
              {
                "auto_provisioning_defaults": [],
                "enabled": false,
                "resource_limits": []
              }
            ],
            "cluster_ipv4_cidr": "10.0.0.0/14",
            "database_encryption": [
              {
                "key_name": "",
                "state": "DECRYPTED"
              }
            ],
            "datapath_provider": "",
            "default_max_pods_per_node": null,
            "default_snat_status": [
              {
                "disabled": false
              }
            ],
            "description": "",
            "enable_autopilot": false,
            "enable_binary_authorization": false,
            "enable_intranode_visibility": false,
            "enable_kubernetes_alpha": false,
            "enable_legacy_abac": false,
            "enable_shielded_nodes": false,
            "enable_tpu": false,
            "endpoint": "35.203.92.255",
            "id": "projects/idyllic-pottery-316421/locations/northamerica-northeast1/clusters/online-boutique-terraform",
            "initial_node_count": 1,
            "instance_group_urls": [],
            "ip_allocation_policy": [],
            "label_fingerprint": "a9dc16a7",
            "location": "northamerica-northeast1",
            "logging_service": "logging.googleapis.com/kubernetes",
            "maintenance_policy": [],
            "master_auth": [
              {
                "client_certificate": "",
                "client_certificate_config": [
                  {
                    "issue_client_certificate": false
                  }
                ],
                "client_key": "",
                "cluster_ca_certificate": "LS0tLS1CRUdJTiBDRVJUSUZJQ0FURS0tLS0tCk1JSURLekNDQWhPZ0F3SUJBZ0lSQUpoK01hanJlb01xdHhLc1VTWXFTRzB3RFFZSktvWklodmNOQVFFTEJRQXcKTHpFdE1Dc0dBMVVFQXhNa1lqRXdOVGxqT1dRdFkyRTVNUzAwTmpBNExUbGhPVGN0TUdOa05UTTFNakUyTWpFdwpNQjRYRFRJeE1EWXhNREl6TURVek1sb1hEVEkyTURZeE1EQXdNRFV6TWxvd0x6RXRNQ3NHQTFVRUF4TWtZakV3Ck5UbGpPV1F0WTJFNU1TMDBOakE0TFRsaE9UY3RNR05rTlRNMU1qRTJNakV3TUlJQklqQU5CZ2txaGtpRzl3MEIKQVFFRkFBT0NBUThBTUlJQkNnS0NBUUVBbE15WWZlNUhWU1E2c2FJWitxSVNJK1VaazcvVnNTb1FTbjdEWi9qSAo2L0hZR2t5MXBLMjVidlBEVGI4VURWNHppVnZ5cUh3dDd3TzdnRU9qTU9VTzBQbnYvZ0VXZWdydzFFeERWQTl6CjVMMWN5SVZlcUhHSEluaXlSNkdFRFFUQzU2dk5TRHlYUlNBTXRTanZRbVNPVTF6YnM0MnQ4eEMwUmN0TnAzcEkKdmdPWmRyblB3NGNIR3JOUlpBY2x0SU5uNnJOUC9Uc1h2alUzcUl2dml1NFRoMzN3VkpoL1dSWStHNDJ1QXQ3dgo5VVBoWlFWcXVKK0RMSGRvRTZMYjErL3cxdVVXMUMxdXdIY1gzQU1xSUlCVXJXVGoweFdOcjFqWTFvU1dEdDV5CjEvUWJpS3p3dEIrQnpKdzJ0M3JMYTdsZlpaOHhoSi83MHBDWnE3cE1McFlaQ3dJREFRQUJvMEl3UURBT0JnTlYKSFE4QkFmOEVCQU1DQWdRd0R3WURWUjBUQVFIL0JBVXdBd0VCL3pBZEJnTlZIUTRFRmdRVUwveEp5c1NTZDZRcAo3QnlPRkNFZGRMbTBpUHd3RFFZSktvWklodmNOQVFFTEJRQURnZ0VCQUNPSzRWT29uaTMweXU1NzlKSWs3QnpiCnJFWUtLZjgyY3dxd1k4NXVHWW5mWFhDanF4MEtNTTVueldFZkFxaHRIVEZXS3M1TWhSVTlhZEZCcC82YTFrSU4KazJFTTd1c0xHQlNEN1dySGJESkZ3MVRuT0N5VXRGNkV6K2VEaGIwRXkzOVZnMkFBQ3d1dEthcVRidGd6LzdtbQpwNEdaaGRReGFmWjQ2TFhtcUl3U2dTWDJJQThhWWVsRUo0emJkbGdLM2hrZVlLUW1NRDdTN2ZCTThDZzNuSnVHCmNrWHM0WExETGpoRXlQQmU5WjREOGhlZndUNTloZDR5Y0k0clcxWVJqcDBZTkpwblZuZ0JDVTcvNmRYVXNWNWUKZ0oxK1VUWWp1NzBRS3FUVTAxWVppNTNOYytnM0Z0cUFqZUU5UlAzTkNCSTZNTlI4WFkyMFFWU1BISEt2VTVZPQotLS0tLUVORCBDRVJUSUZJQ0FURS0tLS0tCg==",
                "password": "",
                "username": ""
              }
            ],
            "master_authorized_networks_config": [],
            "master_version": "1.19.9-gke.1900",
            "min_master_version": null,
            "monitoring_service": "monitoring.googleapis.com/kubernetes",
            "name": "online-boutique-terraform",
            "network": "projects/idyllic-pottery-316421/global/networks/default",
            "network_policy": [
              {
                "enabled": false,
                "provider": "PROVIDER_UNSPECIFIED"
              }
            ],
            "networking_mode": "ROUTES",
            "node_config": [],
            "node_locations": [
              "northamerica-northeast1-a",
              "northamerica-northeast1-b",
              "northamerica-northeast1-c"
            ],
            "node_pool": [],
            "node_version": "1.19.9-gke.1900",
            "operation": null,
            "pod_security_policy_config": [],
            "private_cluster_config": [],
            "private_ipv6_google_access": "",
            "project": "idyllic-pottery-316421",
            "release_channel": [
              {
                "channel": "REGULAR"
              }
            ],
            "remove_default_node_pool": true,
            "resource_labels": null,
            "resource_usage_export_config": [],
            "self_link": "https://container.googleapis.com/v1beta1/projects/idyllic-pottery-316421/locations/northamerica-northeast1/clusters/online-boutique-terraform",
            "services_ipv4_cidr": "10.3.240.0/20",
            "subnetwork": "projects/idyllic-pottery-316421/regions/northamerica-northeast1/subnetworks/default",
            "timeouts": null,
            "tpu_ipv4_cidr_block": "",
            "vertical_pod_autoscaling": [],
            "workload_identity_config": []
          },
          "sensitive_attributes": [],
          "private": "eyJlMmJmYjczMC1lY2FhLTExZTYtOGY4OC0zNDM2M2JjN2M0YzAiOnsiY3JlYXRlIjoyNDAwMDAwMDAwMDAwLCJkZWxldGUiOjI0MDAwMDAwMDAwMDAsInJlYWQiOjI0MDAwMDAwMDAwMDAsInVwZGF0ZSI6MzYwMDAwMDAwMDAwMH0sInNjaGVtYV92ZXJzaW9uIjoiMSJ9"
        }
      ]
    },
    {
      "module": "module.gke",
      "mode": "managed",
      "type": "google_container_node_pool",
      "name": "online_boutique_node_pool",
      "provider": "provider[\"registry.terraform.io/hashicorp/google\"]",
      "instances": [
        {
          "schema_version": 1,
          "attributes": {
            "autoscaling": [
              {
                "max_node_count": 20,
                "min_node_count": 0
              }
            ],
            "cluster": "online-boutique-terraform",
            "id": "projects/idyllic-pottery-316421/locations/northamerica-northeast1/clusters/online-boutique-terraform/nodePools/online-boutique-pool-terraform",
            "initial_node_count": 1,
            "instance_group_urls": [
              "https://www.googleapis.com/compute/v1/projects/idyllic-pottery-316421/zones/northamerica-northeast1-a/instanceGroupManagers/gke-online-boutique--online-boutique--1c530002-grp",
              "https://www.googleapis.com/compute/v1/projects/idyllic-pottery-316421/zones/northamerica-northeast1-b/instanceGroupManagers/gke-online-boutique--online-boutique--1e7c7918-grp",
              "https://www.googleapis.com/compute/v1/projects/idyllic-pottery-316421/zones/northamerica-northeast1-c/instanceGroupManagers/gke-online-boutique--online-boutique--922c78c6-grp"
            ],
            "location": "northamerica-northeast1",
            "management": [
              {
                "auto_repair": true,
                "auto_upgrade": true
              }
            ],
            "max_pods_per_node": null,
            "name": "online-boutique-pool-terraform",
            "name_prefix": "",
            "node_config": [
              {
                "disk_size_gb": 10,
                "disk_type": "pd-standard",
                "guest_accelerator": [],
                "image_type": "COS_CONTAINERD",
                "labels": {},
                "local_ssd_count": 0,
                "machine_type": "e2-small",
                "metadata": {
                  "disable-legacy-endpoints": "true"
                },
                "min_cpu_platform": "",
                "oauth_scopes": [
                  "https://www.googleapis.com/auth/logging.write",
                  "https://www.googleapis.com/auth/monitoring"
                ],
                "preemptible": false,
                "service_account": "default",
                "shielded_instance_config": [
                  {
                    "enable_integrity_monitoring": true,
                    "enable_secure_boot": false
                  }
                ],
                "tags": null,
                "taint": [],
                "workload_metadata_config": []
              }
            ],
            "node_count": 1,
            "node_locations": [
              "northamerica-northeast1-a",
              "northamerica-northeast1-b",
              "northamerica-northeast1-c"
            ],
            "operation": null,
            "project": "idyllic-pottery-316421",
            "timeouts": null,
            "upgrade_settings": [
              {
                "max_surge": 1,
                "max_unavailable": 0
              }
            ],
            "version": "1.19.9-gke.1900"
          },
          "sensitive_attributes": [],
          "private": "eyJlMmJmYjczMC1lY2FhLTExZTYtOGY4OC0zNDM2M2JjN2M0YzAiOnsiY3JlYXRlIjoxODAwMDAwMDAwMDAwLCJkZWxldGUiOjE4MDAwMDAwMDAwMDAsInVwZGF0ZSI6MTgwMDAwMDAwMDAwMH0sInNjaGVtYV92ZXJzaW9uIjoiMSJ9",
          "dependencies": [
            "module.gke.google_container_cluster.online_boutique"
          ]
        }
      ]
    }
  ]
}
